
Microsoft Visual Studio Solution File, Format Version 12.00
# Visual Studio Version 17
VisualStudioVersion = 17.14.37012.4 d17.14
MinimumVisualStudioVersion = 10.0.40219.1
Project("{FAE04EC0-301F-11D3-BF4B-00C04F79EFBC}") = "EGA_2", "EGA_2\EGA_2.csproj", "{CFA7F088-4437-4C24-9288-0DCC4323D04B}"
EndProject
Global
	GlobalSection(SolutionConfigurationPlatforms) = preSolution
		Debug|Any CPU = Debug|Any CPU
		Release|Any CPU = Release|Any CPU
	EndGlobalSection
	GlobalSection(ProjectConfigurationPlatforms) = postSolution
		{CFA7F088-4437-4C24-9288-0DCC4323D04B}.Debug|Any CPU.ActiveCfg = Debug|Any CPU
		{CFA7F088-4437-4C24-9288-0DCC4323D04B}.Debug|Any CPU.Build.0 = Debug|Any CPU
		{CFA7F088-4437-4C24-9288-0DCC4323D04B}.Release|Any CPU.ActiveCfg = Release|Any CPU
		{CFA7F088-4437-4C24-9288-0DCC4323D04B}.Release|Any CPU.Build.0 = Release|Any CPU
	EndGlobalSection
	GlobalSection(SolutionProperties) = preSolution
		HideSolutionNode = FALSE
	EndGlobalSection
	GlobalSection(ExtensibilityGlobals) = postSolution
		SolutionGuid = {CDBCFAD1-8A9A-4DC6-ADB6-64F95883CD44}
	EndGlobalSection
EndGlobal
